// !$*UTF8*$!
{
	archiveVersion = 1;
	classes = {
	};
	objectVersion = 55;
	objects = {

/* Begin PBXBuildFile section */
		C6B2FA7B29A270C30015DA13 /* main.swift in Sources */ = {isa = PBXBuildFile; fileRef = C6B2FA7A29A270C30015DA13 /* main.swift */; };
		C6E9599929A39547005D2C8C /* 1712.swift in Sources */ = {isa = PBXBuildFile; fileRef = C6E9599829A39547005D2C8C /* 1712.swift */; };
		C6E9599B29B38E05005D2C8C /* 1929.swift in Sources */ = {isa = PBXBuildFile; fileRef = C6E9599A29B38E05005D2C8C /* 1929.swift */; };
		C6E9599D29B4D165005D2C8C /* 1152.swift in Sources */ = {isa = PBXBuildFile; fileRef = C6E9599C29B4D165005D2C8C /* 1152.swift */; };
		C6E9599F29B5BC08005D2C8C /* 2566.swift in Sources */ = {isa = PBXBuildFile; fileRef = C6E9599E29B5BC08005D2C8C /* 2566.swift */; };
		C6E959A129BDAB0F005D2C8C /* 3052.swift in Sources */ = {isa = PBXBuildFile; fileRef = C6E959A029BDAB0F005D2C8C /* 3052.swift */; };
		C6E959A329BDB57E005D2C8C /* 10988.swift in Sources */ = {isa = PBXBuildFile; fileRef = C6E959A229BDB57E005D2C8C /* 10988.swift */; };
/* End PBXBuildFile section */

/* Begin PBXCopyFilesBuildPhase section */
		C6B2FA7529A270C30015DA13 /* CopyFiles */ = {
			isa = PBXCopyFilesBuildPhase;
			buildActionMask = 2147483647;
			dstPath = /usr/share/man/man1/;
			dstSubfolderSpec = 0;
			files = (
			);
			runOnlyForDeploymentPostprocessing = 1;
		};
/* End PBXCopyFilesBuildPhase section */

/* Begin PBXFileReference section */
		C6B2FA7729A270C30015DA13 /* algo_swift */ = {isa = PBXFileReference; explicitFileType = "compiled.mach-o.executable"; includeInIndex = 0; path = algo_swift; sourceTree = BUILT_PRODUCTS_DIR; };
		C6B2FA7A29A270C30015DA13 /* main.swift */ = {isa = PBXFileReference; lastKnownFileType = sourcecode.swift; path = main.swift; sourceTree = "<group>"; };
		C6E9599829A39547005D2C8C /* 1712.swift */ = {isa = PBXFileReference; lastKnownFileType = sourcecode.swift; path = 1712.swift; sourceTree = "<group>"; };
		C6E9599A29B38E05005D2C8C /* 1929.swift */ = {isa = PBXFileReference; lastKnownFileType = sourcecode.swift; path = 1929.swift; sourceTree = "<group>"; };
		C6E9599C29B4D165005D2C8C /* 1152.swift */ = {isa = PBXFileReference; lastKnownFileType = sourcecode.swift; path = 1152.swift; sourceTree = "<group>"; };
		C6E9599E29B5BC08005D2C8C /* 2566.swift */ = {isa = PBXFileReference; lastKnownFileType = sourcecode.swift; path = 2566.swift; sourceTree = "<group>"; };
		C6E959A029BDAB0F005D2C8C /* 3052.swift */ = {isa = PBXFileReference; lastKnownFileType = sourcecode.swift; path = 3052.swift; sourceTree = "<group>"; };
		C6E959A229BDB57E005D2C8C /* 10988.swift */ = {isa = PBXFileReference; lastKnownFileType = sourcecode.swift; path = 10988.swift; sourceTree = "<group>"; };
/* End PBXFileReference section */

/* Begin PBXFrameworksBuildPhase section */
		C6B2FA7429A270C30015DA13 /* Frameworks */ = {
			isa = PBXFrameworksBuildPhase;
			buildActionMask = 2147483647;
			files = (
			);
			runOnlyForDeploymentPostprocessing = 0;
		};
/* End PBXFrameworksBuildPhase section */

/* Begin PBXGroup section */
		C6B2FA6E29A270C30015DA13 = {
			isa = PBXGroup;
			children = (
				C6B2FA7929A270C30015DA13 /* algo_swift */,
				C6B2FA7829A270C30015DA13 /* Products */,
			);
			sourceTree = "<group>";
		};
		C6B2FA7829A270C30015DA13 /* Products */ = {
			isa = PBXGroup;
			children = (
				C6B2FA7729A270C30015DA13 /* algo_swift */,
			);
			name = Products;
			sourceTree = "<group>";
		};
		C6B2FA7929A270C30015DA13 /* algo_swift */ = {
			isa = PBXGroup;
			children = (
				C6E9599729A39506005D2C8C /* math */,
				C6B2FA7A29A270C30015DA13 /* main.swift */,
			);
			path = algo_swift;
			sourceTree = "<group>";
		};
		C6E9599729A39506005D2C8C /* math */ = {
			isa = PBXGroup;
			children = (
				C6E9599829A39547005D2C8C /* 1712.swift */,
				C6E9599A29B38E05005D2C8C /* 1929.swift */,
				C6E9599C29B4D165005D2C8C /* 1152.swift */,
				C6E9599E29B5BC08005D2C8C /* 2566.swift */,
				C6E959A029BDAB0F005D2C8C /* 3052.swift */,
				C6E959A229BDB57E005D2C8C /* 10988.swift */,
			);
			path = math;
			sourceTree = "<group>";
		};
/* End PBXGroup section */

/* Begin PBXNativeTarget section */
		C6B2FA7629A270C30015DA13 /* algo_swift */ = {
			isa = PBXNativeTarget;
			buildConfigurationList = C6B2FA7E29A270C30015DA13 /* Build configuration list for PBXNativeTarget "algo_swift" */;
			buildPhases = (
				C6B2FA7329A270C30015DA13 /* Sources */,
				C6B2FA7429A270C30015DA13 /* Frameworks */,
				C6B2FA7529A270C30015DA13 /* CopyFiles */,
			);
			buildRules = (
			);
			dependencies = (
			);
			name = algo_swift;
			productName = algo_swift;
			productReference = C6B2FA7729A270C30015DA13 /* algo_swift */;
			productType = "com.apple.product-type.tool";
		};
/* End PBXNativeTarget section */

/* Begin PBXProject section */
		C6B2FA6F29A270C30015DA13 /* Project object */ = {
			isa = PBXProject;
			attributes = {
				BuildIndependentTargetsInParallel = 1;
				LastSwiftUpdateCheck = 1310;
				LastUpgradeCheck = 1310;
				TargetAttributes = {
					C6B2FA7629A270C30015DA13 = {
						CreatedOnToolsVersion = 13.1;
					};
				};
			};
			buildConfigurationList = C6B2FA7229A270C30015DA13 /* Build configuration list for PBXProject "algo_swift" */;
			compatibilityVersion = "Xcode 13.0";
			developmentRegion = en;
			hasScannedForEncodings = 0;
			knownRegions = (
				en,
				Base,
			);
			mainGroup = C6B2FA6E29A270C30015DA13;
			productRefGroup = C6B2FA7829A270C30015DA13 /* Products */;
			projectDirPath = "";
			projectRoot = "";
			targets = (
				C6B2FA7629A270C30015DA13 /* algo_swift */,
			);
		};
/* End PBXProject section */

/* Begin PBXSourcesBuildPhase section */
		C6B2FA7329A270C30015DA13 /* Sources */ = {
			isa = PBXSourcesBuildPhase;
			buildActionMask = 2147483647;
			files = (
				C6E9599F29B5BC08005D2C8C /* 2566.swift in Sources */,
				C6E9599929A39547005D2C8C /* 1712.swift in Sources */,
				C6E9599B29B38E05005D2C8C /* 1929.swift in Sources */,
				C6E959A329BDB57E005D2C8C /* 10988.swift in Sources */,
				C6E959A129BDAB0F005D2C8C /* 3052.swift in Sources */,
				C6E9599D29B4D165005D2C8C /* 1152.swift in Sources */,
				C6B2FA7B29A270C30015DA13 /* main.swift in Sources */,
			);
			runOnlyForDeploymentPostprocessing = 0;
		};
/* End PBXSourcesBuildPhase section */

/* Begin XCBuildConfiguration section */
		C6B2FA7C29A270C30015DA13 /* Debug */ = {
			isa = XCBuildConfiguration;
			buildSettings = {
				ALWAYS_SEARCH_USER_PATHS = NO;
				CLANG_ANALYZER_NONNULL = YES;
				CLANG_ANALYZER_NUMBER_OBJECT_CONVERSION = YES_AGGRESSIVE;
				CLANG_CXX_LANGUAGE_STANDARD = "gnu++17";
				CLANG_CXX_LIBRARY = "libc++";
				CLANG_ENABLE_MODULES = YES;
				CLANG_ENABLE_OBJC_ARC = YES;
				CLANG_ENABLE_OBJC_WEAK = YES;
				CLANG_WARN_BLOCK_CAPTURE_AUTORELEASING = YES;
				CLANG_WARN_BOOL_CONVERSION = YES;
				CLANG_WARN_COMMA = YES;
				CLANG_WARN_CONSTANT_CONVERSION = YES;
				CLANG_WARN_DEPRECATED_OBJC_IMPLEMENTATIONS = YES;
				CLANG_WARN_DIRECT_OBJC_ISA_USAGE = YES_ERROR;
				CLANG_WARN_DOCUMENTATION_COMMENTS = YES;
				CLANG_WARN_EMPTY_BODY = YES;
				CLANG_WARN_ENUM_CONVERSION = YES;
				CLANG_WARN_INFINITE_RECURSION = YES;
				CLANG_WARN_INT_CONVERSION = YES;
				CLANG_WARN_NON_LITERAL_NULL_CONVERSION = YES;
				CLANG_WARN_OBJC_IMPLICIT_RETAIN_SELF = YES;
				CLANG_WARN_OBJC_LITERAL_CONVERSION = YES;
				CLANG_WARN_OBJC_ROOT_CLASS = YES_ERROR;
				CLANG_WARN_QUOTED_INCLUDE_IN_FRAMEWORK_HEADER = YES;
				CLANG_WARN_RANGE_LOOP_ANALYSIS = YES;
				CLANG_WARN_STRICT_PROTOTYPES = YES;
				CLANG_WARN_SUSPICIOUS_MOVE = YES;
				CLANG_WARN_UNGUARDED_AVAILABILITY = YES_AGGRESSIVE;
				CLANG_WARN_UNREACHABLE_CODE = YES;
				CLANG_WARN__DUPLICATE_METHOD_MATCH = YES;
				COPY_PHASE_STRIP = NO;
				DEBUG_INFORMATION_FORMAT = dwarf;
				ENABLE_STRICT_OBJC_MSGSEND = YES;
				ENABLE_TESTABILITY = YES;
				GCC_C_LANGUAGE_STANDARD = gnu11;
				GCC_DYNAMIC_NO_PIC = NO;
				GCC_NO_COMMON_BLOCKS = YES;
				GCC_OPTIMIZATION_LEVEL = 0;
				GCC_PREPROCESSOR_DEFINITIONS = (
					"DEBUG=1",
					"$(inherited)",
				);
				GCC_WARN_64_TO_32_BIT_CONVERSION = YES;
				GCC_WARN_ABOUT_RETURN_TYPE = YES_ERROR;
				GCC_WARN_UNDECLARED_SELECTOR = YES;
				GCC_WARN_UNINITIALIZED_AUTOS = YES_AGGRESSIVE;
				GCC_WARN_UNUSED_FUNCTION = YES;
				GCC_WARN_UNUSED_VARIABLE = YES;
				MACOSX_DEPLOYMENT_TARGET = 12.0;
				MTL_ENABLE_DEBUG_INFO = INCLUDE_SOURCE;
				MTL_FAST_MATH = YES;
				ONLY_ACTIVE_ARCH = YES;
				SDKROOT = macosx;
				SWIFT_ACTIVE_COMPILATION_CONDITIONS = DEBUG;
				SWIFT_OPTIMIZATION_LEVEL = "-Onone";
			};
			name = Debug;
		};
		C6B2FA7D29A270C30015DA13 /* Release */ = {
			isa = XCBuildConfiguration;
			buildSettings = {
				ALWAYS_SEARCH_USER_PATHS = NO;
				CLANG_ANALYZER_NONNULL = YES;
				CLANG_ANALYZER_NUMBER_OBJECT_CONVERSION = YES_AGGRESSIVE;
				CLANG_CXX_LANGUAGE_STANDARD = "gnu++17";
				CLANG_CXX_LIBRARY = "libc++";
				CLANG_ENABLE_MODULES = YES;
				CLANG_ENABLE_OBJC_ARC = YES;
				CLANG_ENABLE_OBJC_WEAK = YES;
				CLANG_WARN_BLOCK_CAPTURE_AUTORELEASING = YES;
				CLANG_WARN_BOOL_CONVERSION = YES;
				CLANG_WARN_COMMA = YES;
				CLANG_WARN_CONSTANT_CONVERSION = YES;
				CLANG_WARN_DEPRECATED_OBJC_IMPLEMENTATIONS = YES;
				CLANG_WARN_DIRECT_OBJC_ISA_USAGE = YES_ERROR;
				CLANG_WARN_DOCUMENTATION_COMMENTS = YES;
				CLANG_WARN_EMPTY_BODY = YES;
				CLANG_WARN_ENUM_CONVERSION = YES;
				CLANG_WARN_INFINITE_RECURSION = YES;
				CLANG_WARN_INT_CONVERSION = YES;
				CLANG_WARN_NON_LITERAL_NULL_CONVERSION = YES;
				CLANG_WARN_OBJC_IMPLICIT_RETAIN_SELF = YES;
				CLANG_WARN_OBJC_LITERAL_CONVERSION = YES;
				CLANG_WARN_OBJC_ROOT_CLASS = YES_ERROR;
				CLANG_WARN_QUOTED_INCLUDE_IN_FRAMEWORK_HEADER = YES;
				CLANG_WARN_RANGE_LOOP_ANALYSIS = YES;
				CLANG_WARN_STRICT_PROTOTYPES = YES;
				CLANG_WARN_SUSPICIOUS_MOVE = YES;
				CLANG_WARN_UNGUARDED_AVAILABILITY = YES_AGGRESSIVE;
				CLANG_WARN_UNREACHABLE_CODE = YES;
				CLANG_WARN__DUPLICATE_METHOD_MATCH = YES;
				COPY_PHASE_STRIP = NO;
				DEBUG_INFORMATION_FORMAT = "dwarf-with-dsym";
				ENABLE_NS_ASSERTIONS = NO;
				ENABLE_STRICT_OBJC_MSGSEND = YES;
				GCC_C_LANGUAGE_STANDARD = gnu11;
				GCC_NO_COMMON_BLOCKS = YES;
				GCC_WARN_64_TO_32_BIT_CONVERSION = YES;
				GCC_WARN_ABOUT_RETURN_TYPE = YES_ERROR;
				GCC_WARN_UNDECLARED_SELECTOR = YES;
				GCC_WARN_UNINITIALIZED_AUTOS = YES_AGGRESSIVE;
				GCC_WARN_UNUSED_FUNCTION = YES;
				GCC_WARN_UNUSED_VARIABLE = YES;
				MACOSX_DEPLOYMENT_TARGET = 12.0;
				MTL_ENABLE_DEBUG_INFO = NO;
				MTL_FAST_MATH = YES;
				SDKROOT = macosx;
				SWIFT_COMPILATION_MODE = wholemodule;
				SWIFT_OPTIMIZATION_LEVEL = "-O";
			};
			name = Release;
		};
		C6B2FA7F29A270C30015DA13 /* Debug */ = {
			isa = XCBuildConfiguration;
			buildSettings = {
				CODE_SIGN_STYLE = Automatic;
				PRODUCT_NAME = "$(TARGET_NAME)";
				SWIFT_VERSION = 5.0;
			};
			name = Debug;
		};
		C6B2FA8029A270C30015DA13 /* Release */ = {
			isa = XCBuildConfiguration;
			buildSettings = {
				CODE_SIGN_STYLE = Automatic;
				PRODUCT_NAME = "$(TARGET_NAME)";
				SWIFT_VERSION = 5.0;
			};
			name = Release;
		};
/* End XCBuildConfiguration section */

/* Begin XCConfigurationList section */
		C6B2FA7229A270C30015DA13 /* Build configuration list for PBXProject "algo_swift" */ = {
			isa = XCConfigurationList;
			buildConfigurations = (
				C6B2FA7C29A270C30015DA13 /* Debug */,
				C6B2FA7D29A270C30015DA13 /* Release */,
			);
			defaultConfigurationIsVisible = 0;
			defaultConfigurationName = Release;
		};
		C6B2FA7E29A270C30015DA13 /* Build configuration list for PBXNativeTarget "algo_swift" */ = {
			isa = XCConfigurationList;
			buildConfigurations = (
				C6B2FA7F29A270C30015DA13 /* Debug */,
				C6B2FA8029A270C30015DA13 /* Release */,
			);
			defaultConfigurationIsVisible = 0;
			defaultConfigurationName = Release;
		};
/* End XCConfigurationList section */
	};
	rootObject = C6B2FA6F29A270C30015DA13 /* Project object */;
}
